# THIS IS AN AUTOGENERATED FILE. DO NOT EDIT THIS FILE DIRECTLY.
# yarn lockfile v1


"@babel/runtime@^7.0.0":
  version "7.3.1"
  resolved "https://registry.yarnpkg.com/@babel/runtime/-/runtime-7.3.1.tgz#574b03e8e8a9898eaf4a872a92ea20b7846f6f2a"
  integrity sha512-7jGW8ppV0ant637pIqAcFfQDDH1orEPGJb8aXfUozuCU3QqX7rX4DA8iwrbPrR1hcH0FTTHz47yQnk+bl5xHQA==
  dependencies:
    regenerator-runtime "^0.12.0"

regenerator-runtime@^0.12.0:
  version "0.12.1"
  resolved "https://registry.yarnpkg.com/regenerator-runtime/-/regenerator-runtime-0.12.1.tgz#fa1a71544764c036f8c49b13a08b2594c9f8a0de"
  integrity sha512-odxIc1/vDlo4iZcfXqRYFj0vpXFNoGdKMAUieAlFYO6m/nl5e9KR/beGf41z4a1FI+aQgtjhuaSlDxQ0hmkrHg==
